
Microsoft Visual Studio Solution File, Format Version 12.00
# Visual Studio Version 17
VisualStudioVersion = 17.1.32319.34
MinimumVisualStudioVersion = 10.0.40219.1
Project("{FAE04EC0-301F-11D3-BF4B-00C04F79EFBC}") = "JsonExample", "JsonExample.csproj", "{FF391E46-DCC1-4207-B318-63C160790B3D}"
EndProject
Global
	GlobalSection(SolutionConfigurationPlatforms) = preSolution
		Debug|Any CPU = Debug|Any CPU
		Release|Any CPU = Release|Any CPU
	EndGlobalSection
	GlobalSection(ProjectConfigurationPlatforms) = postSolution
		{FF391E46-DCC1-4207-B318-63C160790B3D}.Debug|Any CPU.ActiveCfg = Debug|Any CPU
		{FF391E46-DCC1-4207-B318-63C160790B3D}.Debug|Any CPU.Build.0 = Debug|Any CPU
		{FF391E46-DCC1-4207-B318-63C160790B3D}.Release|Any CPU.ActiveCfg = Release|Any CPU
		{FF391E46-DCC1-4207-B318-63C160790B3D}.Release|Any CPU.Build.0 = Release|Any CPU
	EndGlobalSection
	GlobalSection(SolutionProperties) = preSolution
		HideSolutionNode = FALSE
	EndGlobalSection
	GlobalSection(ExtensibilityGlobals) = postSolution
		SolutionGuid = {A3CD0EC8-E677-433D-BC3E-73F1E6884FA9}
	EndGlobalSection
EndGlobal
